
Microsoft Visual Studio Solution File, Format Version 12.00
# Visual Studio Version 16
VisualStudioVersion = 16.0.29920.165
MinimumVisualStudioVersion = 10.0.40219.1
Project("{FAE04EC0-301F-11D3-BF4B-00C04F79EFBC}") = "LAB7(demo)", "LAB7(demo)\LAB7(demo).csproj", "{5110C967-77B4-4EF5-96D5-99B29F31B565}"
EndProject
Global
	GlobalSection(SolutionConfigurationPlatforms) = preSolution
		Debug|Any CPU = Debug|Any CPU
		Release|Any CPU = Release|Any CPU
	EndGlobalSection
	GlobalSection(ProjectConfigurationPlatforms) = postSolution
		{5110C967-77B4-4EF5-96D5-99B29F31B565}.Debug|Any CPU.ActiveCfg = Debug|Any CPU
		{5110C967-77B4-4EF5-96D5-99B29F31B565}.Debug|Any CPU.Build.0 = Debug|Any CPU
		{5110C967-77B4-4EF5-96D5-99B29F31B565}.Release|Any CPU.ActiveCfg = Release|Any CPU
		{5110C967-77B4-4EF5-96D5-99B29F31B565}.Release|Any CPU.Build.0 = Release|Any CPU
	EndGlobalSection
	GlobalSection(SolutionProperties) = preSolution
		HideSolutionNode = FALSE
	EndGlobalSection
	GlobalSection(ExtensibilityGlobals) = postSolution
		SolutionGuid = {B7ACC0F3-3E13-4FCD-8F85-EF5AC12BF5AC}
	EndGlobalSection
EndGlobal
